Microsoft Visual Studio Solution File, Format Version 12.00
# Visual Studio Version 17
VisualStudioVersion = 17.11.35208.52
MinimumVisualStudioVersion = 16.0.0.0
Project("{9A19103F-16F7-4668-BE54-9A1E7A4F7556}") = "CrawlerClient.Windows", "CrawlerClient\CrawlerClient.Windows\CrawlerClient.Windows.csproj", "{8042E64A-59D7-469E-91D1-B3BF5DD13C3E}"
EndProject
Project("{9A19103F-16F7-4668-BE54-9A1E7A4F7556}") = "CrawlerClient", "CrawlerClient\CrawlerClient\CrawlerClient.csproj", "{98FAADED-AA9F-4D50-BCBB-809BA913AA87}"
EndProject
Global
	GlobalSection(SolutionConfigurationPlatforms) = preSolution
		Debug|Any CPU = Debug|Any CPU
		Release|Any CPU = Release|Any CPU
	EndGlobalSection
	GlobalSection(ProjectConfigurationPlatforms) = postSolution
		{8042E64A-59D7-469E-91D1-B3BF5DD13C3E}.Debug|Any CPU.ActiveCfg = Debug|Any CPU
		{8042E64A-59D7-469E-91D1-B3BF5DD13C3E}.Debug|Any CPU.Build.0 = Debug|Any CPU
		{8042E64A-59D7-469E-91D1-B3BF5DD13C3E}.Release|Any CPU.ActiveCfg = Release|Any CPU
		{8042E64A-59D7-469E-91D1-B3BF5DD13C3E}.Release|Any CPU.Build.0 = Release|Any CPU
		{98FAADED-AA9F-4D50-BCBB-809BA913AA87}.Debug|Any CPU.ActiveCfg = Debug|Any CPU
		{98FAADED-AA9F-4D50-BCBB-809BA913AA87}.Debug|Any CPU.Build.0 = Debug|Any CPU
		{98FAADED-AA9F-4D50-BCBB-809BA913AA87}.Release|Any CPU.ActiveCfg = Release|Any CPU
		{98FAADED-AA9F-4D50-BCBB-809BA913AA87}.Release|Any CPU.Build.0 = Release|Any CPU
	EndGlobalSection
	GlobalSection(SolutionProperties) = preSolution
		HideSolutionNode = FALSE
	EndGlobalSection
	GlobalSection(ExtensibilityGlobals) = postSolution
		SolutionGuid = {6D7A9B79-AAE1-4258-BFF0-49D6E2B545E7}
	EndGlobalSection
EndGlobal
