
Microsoft Visual Studio Solution File, Format Version 12.00
# Visual Studio Version 17
VisualStudioVersion = 17.4.33122.133
MinimumVisualStudioVersion = 10.0.40219.1
Project("{9A19103F-16F7-4668-BE54-9A1E7A4F7556}") = "Genrpg.Shared", "Genrpg.Shared\Genrpg.Shared.csproj", "{8E359D95-34EA-420B-B715-8AB424F00D57}"
EndProject
Project("{9A19103F-16F7-4668-BE54-9A1E7A4F7556}") = "Genrpg.ServerShared", "Genrpg.ServerShared\Genrpg.ServerShared.csproj", "{2E2C8930-CBA8-4F47-814F-3322BFB2BCD5}"
EndProject
Project("{9A19103F-16F7-4668-BE54-9A1E7A4F7556}") = "Genrpg.GameServer", "Genrpg.GameServer\Genrpg.GameServer.csproj", "{5F246B70-E2A7-40FC-8A03-C930F851D1E5}"
EndProject
Project("{9A19103F-16F7-4668-BE54-9A1E7A4F7556}") = "Genrpg.InstanceServer", "Genrpg.Servers\Genrpg.InstanceServer\Genrpg.InstanceServer.csproj", "{B8135AF4-AD7F-48B1-8293-610501589253}"
EndProject
Project("{9A19103F-16F7-4668-BE54-9A1E7A4F7556}") = "Genrpg.MapServer", "Genrpg.Servers\Genrpg.MapServer\Genrpg.MapServer.csproj", "{282B51FB-6FE9-4A30-8C23-26CF76D1824C}"
EndProject
Project("{9A19103F-16F7-4668-BE54-9A1E7A4F7556}") = "Genrpg.MonsterServer", "Genrpg.Servers\Genrpg.MonsterServer\Genrpg.MonsterServer.csproj", "{13D0B4B1-6A02-4E93-937A-F6C0DDAF1DEF}"
EndProject
Project("{9A19103F-16F7-4668-BE54-9A1E7A4F7556}") = "Genrpg.PlayerServer", "Genrpg.Servers\Genrpg.PlayerServer\Genrpg.PlayerServer.csproj", "{34AA2F9F-7D05-47F4-9356-AD16CFC705CB}"
EndProject
Project("{9A19103F-16F7-4668-BE54-9A1E7A4F7556}") = "Tests", "Tests\Tests.csproj", "{D94E6123-2923-4E2B-A121-37F936B18979}"
EndProject
Project("{9A19103F-16F7-4668-BE54-9A1E7A4F7556}") = "Genrpg.RequestServer", "Genrpg.RequestServer\Genrpg.RequestServer.csproj", "{29A227BE-688A-4951-9D32-BAC90D0BF07F}"
EndProject
Global
	GlobalSection(SolutionConfigurationPlatforms) = preSolution
		Debug|Any CPU = Debug|Any CPU
		Release|Any CPU = Release|Any CPU
	EndGlobalSection
	GlobalSection(ProjectConfigurationPlatforms) = postSolution
		{8E359D95-34EA-420B-B715-8AB424F00D57}.Debug|Any CPU.ActiveCfg = Debug|Any CPU
		{8E359D95-34EA-420B-B715-8AB424F00D57}.Debug|Any CPU.Build.0 = Debug|Any CPU
		{8E359D95-34EA-420B-B715-8AB424F00D57}.Release|Any CPU.ActiveCfg = Release|Any CPU
		{8E359D95-34EA-420B-B715-8AB424F00D57}.Release|Any CPU.Build.0 = Release|Any CPU
		{2E2C8930-CBA8-4F47-814F-3322BFB2BCD5}.Debug|Any CPU.ActiveCfg = Debug|Any CPU
		{2E2C8930-CBA8-4F47-814F-3322BFB2BCD5}.Debug|Any CPU.Build.0 = Debug|Any CPU
		{2E2C8930-CBA8-4F47-814F-3322BFB2BCD5}.Release|Any CPU.ActiveCfg = Release|Any CPU
		{2E2C8930-CBA8-4F47-814F-3322BFB2BCD5}.Release|Any CPU.Build.0 = Release|Any CPU
		{5F246B70-E2A7-40FC-8A03-C930F851D1E5}.Debug|Any CPU.ActiveCfg = Debug|Any CPU
		{5F246B70-E2A7-40FC-8A03-C930F851D1E5}.Debug|Any CPU.Build.0 = Debug|Any CPU
		{5F246B70-E2A7-40FC-8A03-C930F851D1E5}.Release|Any CPU.ActiveCfg = Release|Any CPU
		{5F246B70-E2A7-40FC-8A03-C930F851D1E5}.Release|Any CPU.Build.0 = Release|Any CPU
		{B8135AF4-AD7F-48B1-8293-610501589253}.Debug|Any CPU.ActiveCfg = Debug|Any CPU
		{B8135AF4-AD7F-48B1-8293-610501589253}.Debug|Any CPU.Build.0 = Debug|Any CPU
		{B8135AF4-AD7F-48B1-8293-610501589253}.Release|Any CPU.ActiveCfg = Release|Any CPU
		{B8135AF4-AD7F-48B1-8293-610501589253}.Release|Any CPU.Build.0 = Release|Any CPU
		{282B51FB-6FE9-4A30-8C23-26CF76D1824C}.Debug|Any CPU.ActiveCfg = Debug|Any CPU
		{282B51FB-6FE9-4A30-8C23-26CF76D1824C}.Debug|Any CPU.Build.0 = Debug|Any CPU
		{282B51FB-6FE9-4A30-8C23-26CF76D1824C}.Release|Any CPU.ActiveCfg = Release|Any CPU
		{282B51FB-6FE9-4A30-8C23-26CF76D1824C}.Release|Any CPU.Build.0 = Release|Any CPU
		{13D0B4B1-6A02-4E93-937A-F6C0DDAF1DEF}.Debug|Any CPU.ActiveCfg = Debug|Any CPU
		{13D0B4B1-6A02-4E93-937A-F6C0DDAF1DEF}.Debug|Any CPU.Build.0 = Debug|Any CPU
		{13D0B4B1-6A02-4E93-937A-F6C0DDAF1DEF}.Release|Any CPU.ActiveCfg = Release|Any CPU
		{13D0B4B1-6A02-4E93-937A-F6C0DDAF1DEF}.Release|Any CPU.Build.0 = Release|Any CPU
		{34AA2F9F-7D05-47F4-9356-AD16CFC705CB}.Debug|Any CPU.ActiveCfg = Debug|Any CPU
		{34AA2F9F-7D05-47F4-9356-AD16CFC705CB}.Debug|Any CPU.Build.0 = Debug|Any CPU
		{34AA2F9F-7D05-47F4-9356-AD16CFC705CB}.Release|Any CPU.ActiveCfg = Release|Any CPU
		{34AA2F9F-7D05-47F4-9356-AD16CFC705CB}.Release|Any CPU.Build.0 = Release|Any CPU
		{D94E6123-2923-4E2B-A121-37F936B18979}.Debug|Any CPU.ActiveCfg = Debug|Any CPU
		{D94E6123-2923-4E2B-A121-37F936B18979}.Debug|Any CPU.Build.0 = Debug|Any CPU
		{D94E6123-2923-4E2B-A121-37F936B18979}.Release|Any CPU.ActiveCfg = Release|Any CPU
		{D94E6123-2923-4E2B-A121-37F936B18979}.Release|Any CPU.Build.0 = Release|Any CPU
		{29A227BE-688A-4951-9D32-BAC90D0BF07F}.Debug|Any CPU.ActiveCfg = Debug|Any CPU
		{29A227BE-688A-4951-9D32-BAC90D0BF07F}.Debug|Any CPU.Build.0 = Debug|Any CPU
		{29A227BE-688A-4951-9D32-BAC90D0BF07F}.Release|Any CPU.ActiveCfg = Release|Any CPU
		{29A227BE-688A-4951-9D32-BAC90D0BF07F}.Release|Any CPU.Build.0 = Release|Any CPU
	EndGlobalSection
	GlobalSection(SolutionProperties) = preSolution
		HideSolutionNode = FALSE
	EndGlobalSection
	GlobalSection(ExtensibilityGlobals) = postSolution
		SolutionGuid = {C056F485-E6B4-4888-9F96-3AA595E4BA37}
	EndGlobalSection
EndGlobal
