
Microsoft Visual Studio Solution File, Format Version 12.00
# Visual Studio Version 17
VisualStudioVersion = 17.4.33122.133
MinimumVisualStudioVersion = 10.0.40219.1
Project("{2150E333-8FDC-42A3-9474-1A3956D46DE8}") = "Solution Items", "Solution Items", "{9D907A3E-7736-469E-9E5D-8E7FFD89F6D7}"
	ProjectSection(SolutionItems) = preProject
		.editorconfig = .editorconfig
		Genrpg.ServerCode\Genrpg.ServerCode.csproj = Genrpg.ServerCode\Genrpg.ServerCode.csproj
		Genrpg.Shared\Genrpg.Shared.csproj = Genrpg.Shared\Genrpg.Shared.csproj
	EndProjectSection
EndProject
Project("{9A19103F-16F7-4668-BE54-9A1E7A4F7556}") = "Genrpg.Shared", "Genrpg.Shared\Genrpg.Shared.csproj", "{388B728A-5BCB-41F8-8DCB-FADED2BCAD2E}"
EndProject
Project("{9A19103F-16F7-4668-BE54-9A1E7A4F7556}") = "Genrpg.LoginServer", "Genrpg.LoginServer\Genrpg.LoginServer.csproj", "{109FBDBB-CA27-4060-BCCA-1D6CD1E8235F}"
EndProject
Project("{9A19103F-16F7-4668-BE54-9A1E7A4F7556}") = "Genrpg.ServerShared", "Genrpg.ServerShared\Genrpg.ServerShared.csproj", "{BE2A4DA3-FA49-497B-AC78-25E7EDBACF2C}"
EndProject
Global
	GlobalSection(SolutionConfigurationPlatforms) = preSolution
		Debug|Any CPU = Debug|Any CPU
		Release|Any CPU = Release|Any CPU
	EndGlobalSection
	GlobalSection(ProjectConfigurationPlatforms) = postSolution
		{388B728A-5BCB-41F8-8DCB-FADED2BCAD2E}.Debug|Any CPU.ActiveCfg = Debug|Any CPU
		{388B728A-5BCB-41F8-8DCB-FADED2BCAD2E}.Debug|Any CPU.Build.0 = Debug|Any CPU
		{388B728A-5BCB-41F8-8DCB-FADED2BCAD2E}.Release|Any CPU.ActiveCfg = Release|Any CPU
		{388B728A-5BCB-41F8-8DCB-FADED2BCAD2E}.Release|Any CPU.Build.0 = Release|Any CPU
		{109FBDBB-CA27-4060-BCCA-1D6CD1E8235F}.Debug|Any CPU.ActiveCfg = Debug|Any CPU
		{109FBDBB-CA27-4060-BCCA-1D6CD1E8235F}.Debug|Any CPU.Build.0 = Debug|Any CPU
		{109FBDBB-CA27-4060-BCCA-1D6CD1E8235F}.Release|Any CPU.ActiveCfg = Release|Any CPU
		{109FBDBB-CA27-4060-BCCA-1D6CD1E8235F}.Release|Any CPU.Build.0 = Release|Any CPU
		{BE2A4DA3-FA49-497B-AC78-25E7EDBACF2C}.Debug|Any CPU.ActiveCfg = Debug|Any CPU
		{BE2A4DA3-FA49-497B-AC78-25E7EDBACF2C}.Debug|Any CPU.Build.0 = Debug|Any CPU
		{BE2A4DA3-FA49-497B-AC78-25E7EDBACF2C}.Release|Any CPU.ActiveCfg = Release|Any CPU
		{BE2A4DA3-FA49-497B-AC78-25E7EDBACF2C}.Release|Any CPU.Build.0 = Release|Any CPU
	EndGlobalSection
	GlobalSection(SolutionProperties) = preSolution
		HideSolutionNode = FALSE
	EndGlobalSection
	GlobalSection(ExtensibilityGlobals) = postSolution
		SolutionGuid = {C6356816-76A3-477F-9290-4608EE561197}
	EndGlobalSection
EndGlobal
