
Microsoft Visual Studio Solution File, Format Version 12.00
# Visual Studio Version 16
VisualStudioVersion = 16.0.31025.194
MinimumVisualStudioVersion = 10.0.40219.1
Project("{9A19103F-16F7-4668-BE54-9A1E7A4F7556}") = "GenrpgConfig", "GenrpgConfig\GenrpgConfig.csproj", "{1B042D1A-A5C7-4ACA-8B5B-F3D53882F671}"
EndProject
Global
	GlobalSection(SolutionConfigurationPlatforms) = preSolution
		Debug|Any CPU = Debug|Any CPU
		Release|Any CPU = Release|Any CPU
	EndGlobalSection
	GlobalSection(ProjectConfigurationPlatforms) = postSolution
		{1B042D1A-A5C7-4ACA-8B5B-F3D53882F671}.Debug|Any CPU.ActiveCfg = Debug|Any CPU
		{1B042D1A-A5C7-4ACA-8B5B-F3D53882F671}.Debug|Any CPU.Build.0 = Debug|Any CPU
		{1B042D1A-A5C7-4ACA-8B5B-F3D53882F671}.Release|Any CPU.ActiveCfg = Release|Any CPU
		{1B042D1A-A5C7-4ACA-8B5B-F3D53882F671}.Release|Any CPU.Build.0 = Release|Any CPU
	EndGlobalSection
	GlobalSection(SolutionProperties) = preSolution
		HideSolutionNode = FALSE
	EndGlobalSection
	GlobalSection(ExtensibilityGlobals) = postSolution
		SolutionGuid = {9631AD20-6286-4BA9-83A8-D3CC5D062834}
	EndGlobalSection
EndGlobal
